
Microsoft Visual Studio Solution File, Format Version 12.00
# Visual Studio Express 2012 for Windows Desktop
Project("{FAE04EC0-301F-11D3-BF4B-00C04F79EFBC}") = "MageTrackForConsole", "MageTrackForConsole\MageTrackForConsole.csproj", "{AF72F103-A356-4DD1-B3F7-53D6CC4E14DE}"
EndProject
Project("{FAE04EC0-301F-11D3-BF4B-00C04F79EFBC}") = "MageTrackLogic", "MageTrackLogic\MageTrackLogic.csproj", "{C74AD9E4-CDB0-4CB8-963C-19D73B603761}"
EndProject
Project("{FAE04EC0-301F-11D3-BF4B-00C04F79EFBC}") = "MageTrackData", "MageTrackData\MageTrackData.csproj", "{89332080-EE36-46E1-B0A6-06BE84F5E256}"
EndProject
Project("{FAE04EC0-301F-11D3-BF4B-00C04F79EFBC}") = "MageTrackLogicTests", "MageTrackLogicTests\MageTrackLogicTests.csproj", "{26C46D28-407D-4112-8E97-3804C1C4E0A9}"
EndProject
Global
	GlobalSection(SolutionConfigurationPlatforms) = preSolution
		Debug|Any CPU = Debug|Any CPU
		Release|Any CPU = Release|Any CPU
	EndGlobalSection
	GlobalSection(ProjectConfigurationPlatforms) = postSolution
		{AF72F103-A356-4DD1-B3F7-53D6CC4E14DE}.Debug|Any CPU.ActiveCfg = Debug|Any CPU
		{AF72F103-A356-4DD1-B3F7-53D6CC4E14DE}.Debug|Any CPU.Build.0 = Debug|Any CPU
		{AF72F103-A356-4DD1-B3F7-53D6CC4E14DE}.Release|Any CPU.ActiveCfg = Release|Any CPU
		{AF72F103-A356-4DD1-B3F7-53D6CC4E14DE}.Release|Any CPU.Build.0 = Release|Any CPU
		{C74AD9E4-CDB0-4CB8-963C-19D73B603761}.Debug|Any CPU.ActiveCfg = Debug|Any CPU
		{C74AD9E4-CDB0-4CB8-963C-19D73B603761}.Debug|Any CPU.Build.0 = Debug|Any CPU
		{C74AD9E4-CDB0-4CB8-963C-19D73B603761}.Release|Any CPU.ActiveCfg = Release|Any CPU
		{C74AD9E4-CDB0-4CB8-963C-19D73B603761}.Release|Any CPU.Build.0 = Release|Any CPU
		{89332080-EE36-46E1-B0A6-06BE84F5E256}.Debug|Any CPU.ActiveCfg = Debug|Any CPU
		{89332080-EE36-46E1-B0A6-06BE84F5E256}.Debug|Any CPU.Build.0 = Debug|Any CPU
		{89332080-EE36-46E1-B0A6-06BE84F5E256}.Release|Any CPU.ActiveCfg = Release|Any CPU
		{89332080-EE36-46E1-B0A6-06BE84F5E256}.Release|Any CPU.Build.0 = Release|Any CPU
		{26C46D28-407D-4112-8E97-3804C1C4E0A9}.Debug|Any CPU.ActiveCfg = Debug|Any CPU
		{26C46D28-407D-4112-8E97-3804C1C4E0A9}.Debug|Any CPU.Build.0 = Debug|Any CPU
		{26C46D28-407D-4112-8E97-3804C1C4E0A9}.Release|Any CPU.ActiveCfg = Release|Any CPU
		{26C46D28-407D-4112-8E97-3804C1C4E0A9}.Release|Any CPU.Build.0 = Release|Any CPU
	EndGlobalSection
	GlobalSection(SolutionProperties) = preSolution
		HideSolutionNode = FALSE
	EndGlobalSection
EndGlobal
